
Microsoft Visual Studio Solution File, Format Version 12.00
# Visual Studio 2013
VisualStudioVersion = 12.0.40629.0
MinimumVisualStudioVersion = 10.0.40219.1
Project("{8BC9CEB8-8B4A-11D0-8D11-00A0C91BC942}") = "20191212B", "20191212B\20191212B.vcxproj", "{4CD4C62C-34A9-4E43-AD6E-DFB371A9CF60}"
EndProject
Global
	GlobalSection(SolutionConfigurationPlatforms) = preSolution
		Debug|Win32 = Debug|Win32
		Release|Win32 = Release|Win32
	EndGlobalSection
	GlobalSection(ProjectConfigurationPlatforms) = postSolution
		{4CD4C62C-34A9-4E43-AD6E-DFB371A9CF60}.Debug|Win32.ActiveCfg = Debug|Win32
		{4CD4C62C-34A9-4E43-AD6E-DFB371A9CF60}.Debug|Win32.Build.0 = Debug|Win32
		{4CD4C62C-34A9-4E43-AD6E-DFB371A9CF60}.Release|Win32.ActiveCfg = Release|Win32
		{4CD4C62C-34A9-4E43-AD6E-DFB371A9CF60}.Release|Win32.Build.0 = Release|Win32
	EndGlobalSection
	GlobalSection(SolutionProperties) = preSolution
		HideSolutionNode = FALSE
	EndGlobalSection
EndGlobal
